
Microsoft Visual Studio Solution File, Format Version 12.00
# Visual Studio Version 16
VisualStudioVersion = 16.0.29609.76
MinimumVisualStudioVersion = 10.0.40219.1
Project("{FAE04EC0-301F-11D3-BF4B-00C04F79EFBC}") = "8 Queen", "8 Queen\8 Queen.csproj", "{D88AA665-1BFE-405F-A72B-1EEB07008D06}"
EndProject
Global
	GlobalSection(SolutionConfigurationPlatforms) = preSolution
		Debug|Any CPU = Debug|Any CPU
		Release|Any CPU = Release|Any CPU
	EndGlobalSection
	GlobalSection(ProjectConfigurationPlatforms) = postSolution
		{D88AA665-1BFE-405F-A72B-1EEB07008D06}.Debug|Any CPU.ActiveCfg = Debug|Any CPU
		{D88AA665-1BFE-405F-A72B-1EEB07008D06}.Debug|Any CPU.Build.0 = Debug|Any CPU
		{D88AA665-1BFE-405F-A72B-1EEB07008D06}.Release|Any CPU.ActiveCfg = Release|Any CPU
		{D88AA665-1BFE-405F-A72B-1EEB07008D06}.Release|Any CPU.Build.0 = Release|Any CPU
	EndGlobalSection
	GlobalSection(SolutionProperties) = preSolution
		HideSolutionNode = FALSE
	EndGlobalSection
	GlobalSection(ExtensibilityGlobals) = postSolution
		SolutionGuid = {409E778B-E17A-40A5-8B6E-906C1533CE9F}
	EndGlobalSection
EndGlobal
